// !$*UTF8*$!
{
	archiveVersion = 1;
	classes = {
	};
	objectVersion = 50;
	objects = {

/* Begin PBXBuildFile section */
		DCA7C0A7278A91C20021AAFA /* AppDelegate.swift in Sources */ = {isa = PBXBuildFile; fileRef = DCA7C0A6278A91C20021AAFA /* AppDelegate.swift */; };
		DCA7C0A9278A91C20021AAFA /* SceneDelegate.swift in Sources */ = {isa = PBXBuildFile; fileRef = DCA7C0A8278A91C20021AAFA /* SceneDelegate.swift */; };
		DCA7C0AB278A91C20021AAFA /* ViewController.swift in Sources */ = {isa = PBXBuildFile; fileRef = DCA7C0AA278A91C20021AAFA /* ViewController.swift */; };
		DCA7C0AE278A91C20021AAFA /* Main.storyboard in Resources */ = {isa = PBXBuildFile; fileRef = DCA7C0AC278A91C20021AAFA /* Main.storyboard */; };
		DCA7C0B0278A91C30021AAFA /* Assets.xcassets in Resources */ = {isa = PBXBuildFile; fileRef = DCA7C0AF278A91C30021AAFA /* Assets.xcassets */; };
		DCA7C0B3278A91C30021AAFA /* LaunchScreen.storyboard in Resources */ = {isa = PBXBuildFile; fileRef = DCA7C0B1278A91C30021AAFA /* LaunchScreen.storyboard */; };
/* End PBXBuildFile section */

/* Begin PBXFileReference section */
		DCA7C0A3278A91C20021AAFA /* runIP.app */ = {isa = PBXFileReference; explicitFileType = wrapper.application; includeInIndex = 0; path = runIP.app; sourceTree = BUILT_PRODUCTS_DIR; };
		DCA7C0A6278A91C20021AAFA /* AppDelegate.swift */ = {isa = PBXFileReference; lastKnownFileType = sourcecode.swift; path = AppDelegate.swift; sourceTree = "<group>"; };
		DCA7C0A8278A91C20021AAFA /* SceneDelegate.swift */ = {isa = PBXFileReference; lastKnownFileType = sourcecode.swift; path = SceneDelegate.swift; sourceTree = "<group>"; };
		DCA7C0AA278A91C20021AAFA /* ViewController.swift */ = {isa = PBXFileReference; lastKnownFileType = sourcecode.swift; path = ViewController.swift; sourceTree = "<group>"; };
		DCA7C0AD278A91C20021AAFA /* Base */ = {isa = PBXFileReference; lastKnownFileType = file.storyboard; name = Base; path = Base.lproj/Main.storyboard; sourceTree = "<group>"; };
		DCA7C0AF278A91C30021AAFA /* Assets.xcassets */ = {isa = PBXFileReference; lastKnownFileType = folder.assetcatalog; path = Assets.xcassets; sourceTree = "<group>"; };
		DCA7C0B2278A91C30021AAFA /* Base */ = {isa = PBXFileReference; lastKnownFileType = file.storyboard; name = Base; path = Base.lproj/LaunchScreen.storyboard; sourceTree = "<group>"; };
		DCA7C0B4278A91C30021AAFA /* Info.plist */ = {isa = PBXFileReference; lastKnownFileType = text.plist.xml; path = Info.plist; sourceTree = "<group>"; };
/* End PBXFileReference section */

/* Begin PBXFrameworksBuildPhase section */
		DCA7C0A0278A91C20021AAFA /* Frameworks */ = {
			isa = PBXFrameworksBuildPhase;
			buildActionMask = 2147483647;
			files = (
			);
			runOnlyForDeploymentPostprocessing = 0;
		};
/* End PBXFrameworksBuildPhase section */

/* Begin PBXGroup section */
		DCA7C09A278A91C20021AAFA = {
			isa = PBXGroup;
			children = (
				DCA7C0A5278A91C20021AAFA /* runIP */,
				DCA7C0A4278A91C20021AAFA /* Products */,
			);
			sourceTree = "<group>";
		};
		DCA7C0A4278A91C20021AAFA /* Products */ = {
			isa = PBXGroup;
			children = (
				DCA7C0A3278A91C20021AAFA /* runIP.app */,
			);
			name = Products;
			sourceTree = "<group>";
		};
		DCA7C0A5278A91C20021AAFA /* runIP */ = {
			isa = PBXGroup;
			children = (
				DCA7C0A6278A91C20021AAFA /* AppDelegate.swift */,
				DCA7C0A8278A91C20021AAFA /* SceneDelegate.swift */,
				DCA7C0AA278A91C20021AAFA /* ViewController.swift */,
				DCA7C0AC278A91C20021AAFA /* Main.storyboard */,
				DCA7C0AF278A91C30021AAFA /* Assets.xcassets */,
				DCA7C0B1278A91C30021AAFA /* LaunchScreen.storyboard */,
				DCA7C0B4278A91C30021AAFA /* Info.plist */,
			);
			path = runIP;
			sourceTree = "<group>";
		};
/* End PBXGroup section */

/* Begin PBXNativeTarget section */
		DCA7C0A2278A91C20021AAFA /* runIP */ = {
			isa = PBXNativeTarget;
			buildConfigurationList = DCA7C0B7278A91C30021AAFA /* Build configuration list for PBXNativeTarget "runIP" */;
			buildPhases = (
				DCA7C09F278A91C20021AAFA /* Sources */,
				DCA7C0A0278A91C20021AAFA /* Frameworks */,
				DCA7C0A1278A91C20021AAFA /* Resources */,
			);
			buildRules = (
			);
			dependencies = (
			);
			name = runIP;
			productName = runIP;
			productReference = DCA7C0A3278A91C20021AAFA /* runIP.app */;
			productType = "com.apple.product-type.application";
		};
/* End PBXNativeTarget section */

/* Begin PBXProject section */
		DCA7C09B278A91C20021AAFA /* Project object */ = {
			isa = PBXProject;
			attributes = {
				LastSwiftUpdateCheck = 1240;
				LastUpgradeCheck = 1240;
				TargetAttributes = {
					DCA7C0A2278A91C20021AAFA = {
						CreatedOnToolsVersion = 12.4;
					};
				};
			};
			buildConfigurationList = DCA7C09E278A91C20021AAFA /* Build configuration list for PBXProject "runIP" */;
			compatibilityVersion = "Xcode 9.3";
			developmentRegion = en;
			hasScannedForEncodings = 0;
			knownRegions = (
				en,
				Base,
			);
			mainGroup = DCA7C09A278A91C20021AAFA;
			productRefGroup = DCA7C0A4278A91C20021AAFA /* Products */;
			projectDirPath = "";
			projectRoot = "";
			targets = (
				DCA7C0A2278A91C20021AAFA /* runIP */,
			);
		};
/* End PBXProject section */

/* Begin PBXResourcesBuildPhase section */
		DCA7C0A1278A91C20021AAFA /* Resources */ = {
			isa = PBXResourcesBuildPhase;
			buildActionMask = 2147483647;
			files = (
				DCA7C0B3278A91C30021AAFA /* LaunchScreen.storyboard in Resources */,
				DCA7C0B0278A91C30021AAFA /* Assets.xcassets in Resources */,
				DCA7C0AE278A91C20021AAFA /* Main.storyboard in Resources */,
			);
			runOnlyForDeploymentPostprocessing = 0;
		};
/* End PBXResourcesBuildPhase section */

/* Begin PBXSourcesBuildPhase section */
		DCA7C09F278A91C20021AAFA /* Sources */ = {
			isa = PBXSourcesBuildPhase;
			buildActionMask = 2147483647;
			files = (
				DCA7C0AB278A91C20021AAFA /* ViewController.swift in Sources */,
				DCA7C0A7278A91C20021AAFA /* AppDelegate.swift in Sources */,
				DCA7C0A9278A91C20021AAFA /* SceneDelegate.swift in Sources */,
			);
			runOnlyForDeploymentPostprocessing = 0;
		};
/* End PBXSourcesBuildPhase section */

/* Begin PBXVariantGroup section */
		DCA7C0AC278A91C20021AAFA /* Main.storyboard */ = {
			isa = PBXVariantGroup;
			children = (
				DCA7C0AD278A91C20021AAFA /* Base */,
			);
			name = Main.storyboard;
			sourceTree = "<group>";
		};
		DCA7C0B1278A91C30021AAFA /* LaunchScreen.storyboard */ = {
			isa = PBXVariantGroup;
			children = (
				DCA7C0B2278A91C30021AAFA /* Base */,
			);
			name = LaunchScreen.storyboard;
			sourceTree = "<group>";
		};
/* End PBXVariantGroup section */

/* Begin XCBuildConfiguration section */
		DCA7C0B5278A91C30021AAFA /* Debug */ = {
			isa = XCBuildConfiguration;
			buildSettings = {
				ALWAYS_SEARCH_USER_PATHS = NO;
				CLANG_ANALYZER_NONNULL = YES;
				CLANG_ANALYZER_NUMBER_OBJECT_CONVERSION = YES_AGGRESSIVE;
				CLANG_CXX_LANGUAGE_STANDARD = "gnu++14";
				CLANG_CXX_LIBRARY = "libc++";
				CLANG_ENABLE_MODULES = YES;
				CLANG_ENABLE_OBJC_ARC = YES;
				CLANG_ENABLE_OBJC_WEAK = YES;
				CLANG_WARN_BLOCK_CAPTURE_AUTORELEASING = YES;
				CLANG_WARN_BOOL_CONVERSION = YES;
				CLANG_WARN_COMMA = YES;
				CLANG_WARN_CONSTANT_CONVERSION = YES;
				CLANG_WARN_DEPRECATED_OBJC_IMPLEMENTATIONS = YES;
				CLANG_WARN_DIRECT_OBJC_ISA_USAGE = YES_ERROR;
				CLANG_WARN_DOCUMENTATION_COMMENTS = YES;
				CLANG_WARN_EMPTY_BODY = YES;
				CLANG_WARN_ENUM_CONVERSION = YES;
				CLANG_WARN_INFINITE_RECURSION = YES;
				CLANG_WARN_INT_CONVERSION = YES;
				CLANG_WARN_NON_LITERAL_NULL_CONVERSION = YES;
				CLANG_WARN_OBJC_IMPLICIT_RETAIN_SELF = YES;
				CLANG_WARN_OBJC_LITERAL_CONVERSION = YES;
				CLANG_WARN_OBJC_ROOT_CLASS = YES_ERROR;
				CLANG_WARN_QUOTED_INCLUDE_IN_FRAMEWORK_HEADER = YES;
				CLANG_WARN_RANGE_LOOP_ANALYSIS = YES;
				CLANG_WARN_STRICT_PROTOTYPES = YES;
				CLANG_WARN_SUSPICIOUS_MOVE = YES;
				CLANG_WARN_UNGUARDED_AVAILABILITY = YES_AGGRESSIVE;
				CLANG_WARN_UNREACHABLE_CODE = YES;
				CLANG_WARN__DUPLICATE_METHOD_MATCH = YES;
				COPY_PHASE_STRIP = NO;
				DEBUG_INFORMATION_FORMAT = dwarf;
				ENABLE_STRICT_OBJC_MSGSEND = YES;
				ENABLE_TESTABILITY = YES;
				GCC_C_LANGUAGE_STANDARD = gnu11;
				GCC_DYNAMIC_NO_PIC = NO;
				GCC_NO_COMMON_BLOCKS = YES;
				GCC_OPTIMIZATION_LEVEL = 0;
				GCC_PREPROCESSOR_DEFINITIONS = (
					"DEBUG=1",
					"$(inherited)",
				);
				GCC_WARN_64_TO_32_BIT_CONVERSION = YES;
				GCC_WARN_ABOUT_RETURN_TYPE = YES_ERROR;
				GCC_WARN_UNDECLARED_SELECTOR = YES;
				GCC_WARN_UNINITIALIZED_AUTOS = YES_AGGRESSIVE;
				GCC_WARN_UNUSED_FUNCTION = YES;
				GCC_WARN_UNUSED_VARIABLE = YES;
				IPHONEOS_DEPLOYMENT_TARGET = 14.4;
				MTL_ENABLE_DEBUG_INFO = INCLUDE_SOURCE;
				MTL_FAST_MATH = YES;
				ONLY_ACTIVE_ARCH = YES;
				SDKROOT = iphoneos;
				SWIFT_ACTIVE_COMPILATION_CONDITIONS = DEBUG;
				SWIFT_OPTIMIZATION_LEVEL = "-Onone";
			};
			name = Debug;
		};
		DCA7C0B6278A91C30021AAFA /* Release */ = {
			isa = XCBuildConfiguration;
			buildSettings = {
				ALWAYS_SEARCH_USER_PATHS = NO;
				CLANG_ANALYZER_NONNULL = YES;
				CLANG_ANALYZER_NUMBER_OBJECT_CONVERSION = YES_AGGRESSIVE;
				CLANG_CXX_LANGUAGE_STANDARD = "gnu++14";
				CLANG_CXX_LIBRARY = "libc++";
				CLANG_ENABLE_MODULES = YES;
				CLANG_ENABLE_OBJC_ARC = YES;
				CLANG_ENABLE_OBJC_WEAK = YES;
				CLANG_WARN_BLOCK_CAPTURE_AUTORELEASING = YES;
				CLANG_WARN_BOOL_CONVERSION = YES;
				CLANG_WARN_COMMA = YES;
				CLANG_WARN_CONSTANT_CONVERSION = YES;
				CLANG_WARN_DEPRECATED_OBJC_IMPLEMENTATIONS = YES;
				CLANG_WARN_DIRECT_OBJC_ISA_USAGE = YES_ERROR;
				CLANG_WARN_DOCUMENTATION_COMMENTS = YES;
				CLANG_WARN_EMPTY_BODY = YES;
				CLANG_WARN_ENUM_CONVERSION = YES;
				CLANG_WARN_INFINITE_RECURSION = YES;
				CLANG_WARN_INT_CONVERSION = YES;
				CLANG_WARN_NON_LITERAL_NULL_CONVERSION = YES;
				CLANG_WARN_OBJC_IMPLICIT_RETAIN_SELF = YES;
				CLANG_WARN_OBJC_LITERAL_CONVERSION = YES;
				CLANG_WARN_OBJC_ROOT_CLASS = YES_ERROR;
				CLANG_WARN_QUOTED_INCLUDE_IN_FRAMEWORK_HEADER = YES;
				CLANG_WARN_RANGE_LOOP_ANALYSIS = YES;
				CLANG_WARN_STRICT_PROTOTYPES = YES;
				CLANG_WARN_SUSPICIOUS_MOVE = YES;
				CLANG_WARN_UNGUARDED_AVAILABILITY = YES_AGGRESSIVE;
				CLANG_WARN_UNREACHABLE_CODE = YES;
				CLANG_WARN__DUPLICATE_METHOD_MATCH = YES;
				COPY_PHASE_STRIP = NO;
				DEBUG_INFORMATION_FORMAT = "dwarf-with-dsym";
				ENABLE_NS_ASSERTIONS = NO;
				ENABLE_STRICT_OBJC_MSGSEND = YES;
				GCC_C_LANGUAGE_STANDARD = gnu11;
				GCC_NO_COMMON_BLOCKS = YES;
				GCC_WARN_64_TO_32_BIT_CONVERSION = YES;
				GCC_WARN_ABOUT_RETURN_TYPE = YES_ERROR;
				GCC_WARN_UNDECLARED_SELECTOR = YES;
				GCC_WARN_UNINITIALIZED_AUTOS = YES_AGGRESSIVE;
				GCC_WARN_UNUSED_FUNCTION = YES;
				GCC_WARN_UNUSED_VARIABLE = YES;
				IPHONEOS_DEPLOYMENT_TARGET = 14.4;
				MTL_ENABLE_DEBUG_INFO = NO;
				MTL_FAST_MATH = YES;
				SDKROOT = iphoneos;
				SWIFT_COMPILATION_MODE = wholemodule;
				SWIFT_OPTIMIZATION_LEVEL = "-O";
				VALIDATE_PRODUCT = YES;
			};
			name = Release;
		};
		DCA7C0B8278A91C30021AAFA /* Debug */ = {
			isa = XCBuildConfiguration;
			buildSettings = {
				ASSETCATALOG_COMPILER_APPICON_NAME = AppIcon;
				ASSETCATALOG_COMPILER_GLOBAL_ACCENT_COLOR_NAME = AccentColor;
				CODE_SIGN_STYLE = Automatic;
				DEVELOPMENT_TEAM = 63U9NC25XJ;
				INFOPLIST_FILE = runIP/Info.plist;
				LD_RUNPATH_SEARCH_PATHS = (
					"$(inherited)",
					"@executable_path/Frameworks",
				);
				PRODUCT_BUNDLE_IDENTIFIER = Abdullah.runIP;
				PRODUCT_NAME = "$(TARGET_NAME)";
				SWIFT_VERSION = 5.0;
				TARGETED_DEVICE_FAMILY = "1,2";
			};
			name = Debug;
		};
		DCA7C0B9278A91C30021AAFA /* Release */ = {
			isa = XCBuildConfiguration;
			buildSettings = {
				ASSETCATALOG_COMPILER_APPICON_NAME = AppIcon;
				ASSETCATALOG_COMPILER_GLOBAL_ACCENT_COLOR_NAME = AccentColor;
				CODE_SIGN_STYLE = Automatic;
				DEVELOPMENT_TEAM = 63U9NC25XJ;
				INFOPLIST_FILE = runIP/Info.plist;
				LD_RUNPATH_SEARCH_PATHS = (
					"$(inherited)",
					"@executable_path/Frameworks",
				);
				PRODUCT_BUNDLE_IDENTIFIER = Abdullah.runIP;
				PRODUCT_NAME = "$(TARGET_NAME)";
				SWIFT_VERSION = 5.0;
				TARGETED_DEVICE_FAMILY = "1,2";
			};
			name = Release;
		};
/* End XCBuildConfiguration section */

/* Begin XCConfigurationList section */
		DCA7C09E278A91C20021AAFA /* Build configuration list for PBXProject "runIP" */ = {
			isa = XCConfigurationList;
			buildConfigurations = (
				DCA7C0B5278A91C30021AAFA /* Debug */,
				DCA7C0B6278A91C30021AAFA /* Release */,
			);
			defaultConfigurationIsVisible = 0;
			defaultConfigurationName = Release;
		};
		DCA7C0B7278A91C30021AAFA /* Build configuration list for PBXNativeTarget "runIP" */ = {
			isa = XCConfigurationList;
			buildConfigurations = (
				DCA7C0B8278A91C30021AAFA /* Debug */,
				DCA7C0B9278A91C30021AAFA /* Release */,
			);
			defaultConfigurationIsVisible = 0;
			defaultConfigurationName = Release;
		};
/* End XCConfigurationList section */
	};
	rootObject = DCA7C09B278A91C20021AAFA /* Project object */;
}
